
Microsoft Visual Studio Solution File, Format Version 12.00
# Visual Studio Version 16
VisualStudioVersion = 16.0.28803.156
MinimumVisualStudioVersion = 10.0.40219.1
Project("{FAE04EC0-301F-11D3-BF4B-00C04F79EFBC}") = "prueba1", "prueba1\prueba1.csproj", "{C2392D61-EE32-4363-A178-BCB10775246B}"
EndProject
Global
	GlobalSection(SolutionConfigurationPlatforms) = preSolution
		Debug|Any CPU = Debug|Any CPU
		Release|Any CPU = Release|Any CPU
	EndGlobalSection
	GlobalSection(ProjectConfigurationPlatforms) = postSolution
		{C2392D61-EE32-4363-A178-BCB10775246B}.Debug|Any CPU.ActiveCfg = Debug|Any CPU
		{C2392D61-EE32-4363-A178-BCB10775246B}.Debug|Any CPU.Build.0 = Debug|Any CPU
		{C2392D61-EE32-4363-A178-BCB10775246B}.Release|Any CPU.ActiveCfg = Release|Any CPU
		{C2392D61-EE32-4363-A178-BCB10775246B}.Release|Any CPU.Build.0 = Release|Any CPU
	EndGlobalSection
	GlobalSection(SolutionProperties) = preSolution
		HideSolutionNode = FALSE
	EndGlobalSection
	GlobalSection(ExtensibilityGlobals) = postSolution
		SolutionGuid = {17C1943F-F317-4191-A442-53D4D857E5C5}
	EndGlobalSection
EndGlobal
